# @generated by Move, please check-in and do not edit manually.

[move]
version = 3
manifest_digest = "B83C406FE4D1A5F86527F7D3327EAD58325C07DB22FB2FBF21C12191776045AA"
deps_digest = "04732BFEF428F74DE262001DC455D76B909EBC394B034A9A15CC095E4BDD9CEF"
dependencies = [
  { id = "Bridge", name = "Bridge" },
  { id = "MoveStdlib", name = "MoveStdlib" },
  { id = "OApp", name = "OApp" },
  { id = "OFTCommon", name = "OFTCommon" },
  { id = "PtbMoveCall", name = "PtbMoveCall" },
  { id = "Sui", name = "Sui" },
  { id = "SuiSystem", name = "SuiSystem" },
]
dev-dependencies = [
  { id = "SimpleMessageLib", name = "SimpleMessageLib" },
]

[[move.package]]
id = "Bridge"
source = { git = "https://github.com/MystenLabs/sui.git", rev = "61dcfdbe2ddc7ad05d27fc10cd09d4c6cc151acd", subdir = "crates/sui-framework/packages/bridge" }

dependencies = [
  { id = "MoveStdlib", name = "MoveStdlib" },
  { id = "Sui", name = "Sui" },
  { id = "SuiSystem", name = "SuiSystem" },
]

[[move.package]]
id = "Call"
source = { git = "https://github.com/LayerZero-Labs/LayerZero-v2.git", rev = "main", subdir = "packages/layerzero-v2/sui/contracts/dynamic-call/call" }

dependencies = [
  { id = "Bridge", name = "Bridge" },
  { id = "MoveStdlib", name = "MoveStdlib" },
  { id = "Sui", name = "Sui" },
  { id = "SuiSystem", name = "SuiSystem" },
  { id = "Utils", name = "Utils" },
]

[[move.package]]
id = "EndpointV2"
source = { git = "https://github.com/LayerZero-Labs/LayerZero-v2.git", rev = "main", subdir = "packages/layerzero-v2/sui/contracts/endpoint-v2" }

dependencies = [
  { id = "Bridge", name = "Bridge" },
  { id = "Call", name = "Call" },
  { id = "MoveStdlib", name = "MoveStdlib" },
  { id = "Sui", name = "Sui" },
  { id = "SuiSystem", name = "SuiSystem" },
  { id = "Zro", name = "Zro" },
]

[[move.package]]
id = "MessageLibCommon"
source = { git = "https://github.com/LayerZero-Labs/LayerZero-v2.git", rev = "main", subdir = "packages/layerzero-v2/sui/contracts/message-libs/message-lib-common" }

dependencies = [
  { id = "Bridge", name = "Bridge" },
  { id = "EndpointV2", name = "EndpointV2" },
  { id = "MoveStdlib", name = "MoveStdlib" },
  { id = "Sui", name = "Sui" },
  { id = "SuiSystem", name = "SuiSystem" },
]

[[move.package]]
id = "MoveStdlib"
source = { git = "https://github.com/MystenLabs/sui.git", rev = "61dcfdbe2ddc7ad05d27fc10cd09d4c6cc151acd", subdir = "crates/sui-framework/packages/move-stdlib" }

[[move.package]]
id = "OApp"
source = { git = "https://github.com/LayerZero-Labs/LayerZero-v2.git", rev = "main", subdir = "packages/layerzero-v2/sui/contracts/oapps/oapp" }

dependencies = [
  { id = "Bridge", name = "Bridge" },
  { id = "EndpointV2", name = "EndpointV2" },
  { id = "MoveStdlib", name = "MoveStdlib" },
  { id = "Sui", name = "Sui" },
  { id = "SuiSystem", name = "SuiSystem" },
]

[[move.package]]
id = "OFTCommon"
source = { git = "https://github.com/LayerZero-Labs/LayerZero-v2.git", rev = "main", subdir = "packages/layerzero-v2/sui/contracts/oapps/oft/oft-common" }

dependencies = [
  { id = "Bridge", name = "Bridge" },
  { id = "Call", name = "Call" },
  { id = "MoveStdlib", name = "MoveStdlib" },
  { id = "Sui", name = "Sui" },
  { id = "SuiSystem", name = "SuiSystem" },
]

[[move.package]]
id = "PtbMoveCall"
source = { git = "https://github.com/LayerZero-Labs/LayerZero-v2.git", rev = "main", subdir = "packages/layerzero-v2/sui/contracts/ptb-builders/ptb-move-call" }

dependencies = [
  { id = "Bridge", name = "Bridge" },
  { id = "MoveStdlib", name = "MoveStdlib" },
  { id = "Sui", name = "Sui" },
  { id = "SuiSystem", name = "SuiSystem" },
  { id = "Utils", name = "Utils" },
]

[[move.package]]
id = "SimpleMessageLib"
source = { git = "https://github.com/LayerZero-Labs/LayerZero-v2.git", rev = "main", subdir = "packages/layerzero-v2/sui/contracts/message-libs/simple-message-lib" }

dependencies = [
  { id = "Bridge", name = "Bridge" },
  { id = "MessageLibCommon", name = "MessageLibCommon" },
  { id = "MoveStdlib", name = "MoveStdlib" },
  { id = "Sui", name = "Sui" },
  { id = "SuiSystem", name = "SuiSystem" },
]

[[move.package]]
id = "Sui"
source = { git = "https://github.com/MystenLabs/sui.git", rev = "61dcfdbe2ddc7ad05d27fc10cd09d4c6cc151acd", subdir = "crates/sui-framework/packages/sui-framework" }

dependencies = [
  { id = "MoveStdlib", name = "MoveStdlib" },
]

[[move.package]]
id = "SuiSystem"
source = { git = "https://github.com/MystenLabs/sui.git", rev = "61dcfdbe2ddc7ad05d27fc10cd09d4c6cc151acd", subdir = "crates/sui-framework/packages/sui-system" }

dependencies = [
  { id = "MoveStdlib", name = "MoveStdlib" },
  { id = "Sui", name = "Sui" },
]

[[move.package]]
id = "Utils"
source = { git = "https://github.com/LayerZero-Labs/LayerZero-v2.git", rev = "main", subdir = "packages/layerzero-v2/sui/contracts/utils" }

dependencies = [
  { id = "Bridge", name = "Bridge" },
  { id = "MoveStdlib", name = "MoveStdlib" },
  { id = "Sui", name = "Sui" },
  { id = "SuiSystem", name = "SuiSystem" },
]

[[move.package]]
id = "Zro"
source = { git = "https://github.com/LayerZero-Labs/LayerZero-v2.git", rev = "main", subdir = "packages/layerzero-v2/sui/contracts/zro" }

dependencies = [
  { id = "Bridge", name = "Bridge" },
  { id = "MoveStdlib", name = "MoveStdlib" },
  { id = "Sui", name = "Sui" },
  { id = "SuiSystem", name = "SuiSystem" },
]

[move.toolchain-version]
compiler-version = "1.59.0"
edition = "2024.beta"
flavor = "sui"

[env]

[env.mainnet]
chain-id = "35834a8a"
original-published-id = "0xebad3daff012b6d2d1dec70ab0da494e2f355944e343502488c9bb202b06a919"
latest-published-id = "0xebad3daff012b6d2d1dec70ab0da494e2f355944e343502488c9bb202b06a919"
published-version = "1"
