# @generated by Move, please check-in and do not edit manually.

[move]
version = 3
manifest_digest = "1D2E9DE8E8430F66D7F3D0B98BC012D7CA1607B5BB78CC701FE94D905AE2F51C"
deps_digest = "F9B494B64F0615AED0E98FC12A85B85ECD2BC5185C22D30E7F67786BB52E507C"
dependencies = [
  { id = "Bridge", name = "Bridge" },
  { id = "MoveStdlib", name = "MoveStdlib" },
  { id = "Sui", name = "Sui" },
  { id = "SuiSystem", name = "SuiSystem" },
]

[[move.package]]
id = "Bridge"
source = { git = "https://github.com/MystenLabs/sui.git", rev = "61dcfdbe2ddc7ad05d27fc10cd09d4c6cc151acd", subdir = "crates/sui-framework/packages/bridge" }

dependencies = [
  { id = "MoveStdlib", name = "MoveStdlib" },
  { id = "Sui", name = "Sui" },
  { id = "SuiSystem", name = "SuiSystem" },
]

[[move.package]]
id = "MoveStdlib"
source = { git = "https://github.com/MystenLabs/sui.git", rev = "61dcfdbe2ddc7ad05d27fc10cd09d4c6cc151acd", subdir = "crates/sui-framework/packages/move-stdlib" }

[[move.package]]
id = "Sui"
source = { git = "https://github.com/MystenLabs/sui.git", rev = "61dcfdbe2ddc7ad05d27fc10cd09d4c6cc151acd", subdir = "crates/sui-framework/packages/sui-framework" }

dependencies = [
  { id = "MoveStdlib", name = "MoveStdlib" },
]

[[move.package]]
id = "SuiSystem"
source = { git = "https://github.com/MystenLabs/sui.git", rev = "61dcfdbe2ddc7ad05d27fc10cd09d4c6cc151acd", subdir = "crates/sui-framework/packages/sui-system" }

dependencies = [
  { id = "MoveStdlib", name = "MoveStdlib" },
  { id = "Sui", name = "Sui" },
]

[move.toolchain-version]
compiler-version = "1.59.0"
edition = "2024.beta"
flavor = "sui"

[env]

[env.mainnet]
chain-id = "35834a8a"
original-published-id = "0x091c4cb2f58e3490c5faa394add6b4afbf2203e3849d89ef9aa3ed442d83a043"
latest-published-id = "0x091c4cb2f58e3490c5faa394add6b4afbf2203e3849d89ef9aa3ed442d83a043"
published-version = "1"
